
Microsoft Visual Studio Solution File, Format Version 12.00
# Visual Studio 15
VisualStudioVersion = 15.0.28307.572
MinimumVisualStudioVersion = 10.0.40219.1
Project("{FAE04EC0-301F-11D3-BF4B-00C04F79EFBC}") = "ScratchProject", "HackerRank04102020\ScratchProject.csproj", "{63F55840-0098-4636-AB8E-D6D67076F0BE}"
EndProject
Project("{FAE04EC0-301F-11D3-BF4B-00C04F79EFBC}") = "TreesAndGraphs", "BreadthFirstSearch\TreesAndGraphs.csproj", "{DDCCB628-3452-4928-9D3A-4755EAF70B53}"
EndProject
Project("{FAE04EC0-301F-11D3-BF4B-00C04F79EFBC}") = "SherlockAndAnagrams", "SherlockAndAnagrams\SherlockAndAnagrams.csproj", "{BCF5ECC9-8704-4F28-960F-B455976512E6}"
EndProject
Project("{FAE04EC0-301F-11D3-BF4B-00C04F79EFBC}") = "4dot1", "4dot1\4dot1.csproj", "{A3E91D46-7C7A-4F9C-9795-84A46A4E6B06}"
EndProject
Project("{FAE04EC0-301F-11D3-BF4B-00C04F79EFBC}") = "4dot2", "4dot2\4dot2.csproj", "{0E6370C4-BDA0-4503-8C16-596D84A32155}"
EndProject
Project("{FAE04EC0-301F-11D3-BF4B-00C04F79EFBC}") = "4dot3", "4dot3\4dot3.csproj", "{F5689B00-DA00-455F-814F-352C11459407}"
EndProject
Project("{FAE04EC0-301F-11D3-BF4B-00C04F79EFBC}") = "4dot4", "4dot4\4dot4.csproj", "{119F4EB3-6379-4195-9223-350B6A905B87}"
EndProject
Project("{FAE04EC0-301F-11D3-BF4B-00C04F79EFBC}") = "4dot5", "4dot5\4dot5.csproj", "{4D2D49DC-7FED-420D-884F-9621C2900BCD}"
EndProject
Project("{FAE04EC0-301F-11D3-BF4B-00C04F79EFBC}") = "4dot6", "4dot6\4dot6.csproj", "{A7EBBB26-3649-4FB8-9783-95ED69231110}"
EndProject
Global
	GlobalSection(SolutionConfigurationPlatforms) = preSolution
		Debug|Any CPU = Debug|Any CPU
		Release|Any CPU = Release|Any CPU
	EndGlobalSection
	GlobalSection(ProjectConfigurationPlatforms) = postSolution
		{63F55840-0098-4636-AB8E-D6D67076F0BE}.Debug|Any CPU.ActiveCfg = Debug|Any CPU
		{63F55840-0098-4636-AB8E-D6D67076F0BE}.Debug|Any CPU.Build.0 = Debug|Any CPU
		{63F55840-0098-4636-AB8E-D6D67076F0BE}.Release|Any CPU.ActiveCfg = Release|Any CPU
		{63F55840-0098-4636-AB8E-D6D67076F0BE}.Release|Any CPU.Build.0 = Release|Any CPU
		{DDCCB628-3452-4928-9D3A-4755EAF70B53}.Debug|Any CPU.ActiveCfg = Debug|Any CPU
		{DDCCB628-3452-4928-9D3A-4755EAF70B53}.Debug|Any CPU.Build.0 = Debug|Any CPU
		{DDCCB628-3452-4928-9D3A-4755EAF70B53}.Release|Any CPU.ActiveCfg = Release|Any CPU
		{DDCCB628-3452-4928-9D3A-4755EAF70B53}.Release|Any CPU.Build.0 = Release|Any CPU
		{BCF5ECC9-8704-4F28-960F-B455976512E6}.Debug|Any CPU.ActiveCfg = Debug|Any CPU
		{BCF5ECC9-8704-4F28-960F-B455976512E6}.Debug|Any CPU.Build.0 = Debug|Any CPU
		{BCF5ECC9-8704-4F28-960F-B455976512E6}.Release|Any CPU.ActiveCfg = Release|Any CPU
		{BCF5ECC9-8704-4F28-960F-B455976512E6}.Release|Any CPU.Build.0 = Release|Any CPU
		{A3E91D46-7C7A-4F9C-9795-84A46A4E6B06}.Debug|Any CPU.ActiveCfg = Debug|Any CPU
		{A3E91D46-7C7A-4F9C-9795-84A46A4E6B06}.Debug|Any CPU.Build.0 = Debug|Any CPU
		{A3E91D46-7C7A-4F9C-9795-84A46A4E6B06}.Release|Any CPU.ActiveCfg = Release|Any CPU
		{A3E91D46-7C7A-4F9C-9795-84A46A4E6B06}.Release|Any CPU.Build.0 = Release|Any CPU
		{0E6370C4-BDA0-4503-8C16-596D84A32155}.Debug|Any CPU.ActiveCfg = Debug|Any CPU
		{0E6370C4-BDA0-4503-8C16-596D84A32155}.Debug|Any CPU.Build.0 = Debug|Any CPU
		{0E6370C4-BDA0-4503-8C16-596D84A32155}.Release|Any CPU.ActiveCfg = Release|Any CPU
		{0E6370C4-BDA0-4503-8C16-596D84A32155}.Release|Any CPU.Build.0 = Release|Any CPU
		{F5689B00-DA00-455F-814F-352C11459407}.Debug|Any CPU.ActiveCfg = Debug|Any CPU
		{F5689B00-DA00-455F-814F-352C11459407}.Debug|Any CPU.Build.0 = Debug|Any CPU
		{F5689B00-DA00-455F-814F-352C11459407}.Release|Any CPU.ActiveCfg = Release|Any CPU
		{F5689B00-DA00-455F-814F-352C11459407}.Release|Any CPU.Build.0 = Release|Any CPU
		{119F4EB3-6379-4195-9223-350B6A905B87}.Debug|Any CPU.ActiveCfg = Debug|Any CPU
		{119F4EB3-6379-4195-9223-350B6A905B87}.Debug|Any CPU.Build.0 = Debug|Any CPU
		{119F4EB3-6379-4195-9223-350B6A905B87}.Release|Any CPU.ActiveCfg = Release|Any CPU
		{119F4EB3-6379-4195-9223-350B6A905B87}.Release|Any CPU.Build.0 = Release|Any CPU
		{4D2D49DC-7FED-420D-884F-9621C2900BCD}.Debug|Any CPU.ActiveCfg = Debug|Any CPU
		{4D2D49DC-7FED-420D-884F-9621C2900BCD}.Debug|Any CPU.Build.0 = Debug|Any CPU
		{4D2D49DC-7FED-420D-884F-9621C2900BCD}.Release|Any CPU.ActiveCfg = Release|Any CPU
		{4D2D49DC-7FED-420D-884F-9621C2900BCD}.Release|Any CPU.Build.0 = Release|Any CPU
		{A7EBBB26-3649-4FB8-9783-95ED69231110}.Debug|Any CPU.ActiveCfg = Debug|Any CPU
		{A7EBBB26-3649-4FB8-9783-95ED69231110}.Debug|Any CPU.Build.0 = Debug|Any CPU
		{A7EBBB26-3649-4FB8-9783-95ED69231110}.Release|Any CPU.ActiveCfg = Release|Any CPU
		{A7EBBB26-3649-4FB8-9783-95ED69231110}.Release|Any CPU.Build.0 = Release|Any CPU
	EndGlobalSection
	GlobalSection(SolutionProperties) = preSolution
		HideSolutionNode = FALSE
	EndGlobalSection
	GlobalSection(ExtensibilityGlobals) = postSolution
		SolutionGuid = {B104F68A-DCCE-44CB-8A5F-4D178C312D48}
	EndGlobalSection
EndGlobal
