
Microsoft Visual Studio Solution File, Format Version 12.00
# Visual Studio Version 16
VisualStudioVersion = 16.0.30011.22
MinimumVisualStudioVersion = 10.0.40219.1
Project("{FAE04EC0-301F-11D3-BF4B-00C04F79EFBC}") = "ScratchProject", "HackerRank04102020\ScratchProject.csproj", "{63F55840-0098-4636-AB8E-D6D67076F0BE}"
EndProject
Project("{FAE04EC0-301F-11D3-BF4B-00C04F79EFBC}") = "TreesAndGraphs", "BreadthFirstSearch\TreesAndGraphs.csproj", "{DDCCB628-3452-4928-9D3A-4755EAF70B53}"
EndProject
Project("{FAE04EC0-301F-11D3-BF4B-00C04F79EFBC}") = "SherlockAndAnagrams", "SherlockAndAnagrams\SherlockAndAnagrams.csproj", "{BCF5ECC9-8704-4F28-960F-B455976512E6}"
EndProject
Project("{2150E333-8FDC-42A3-9474-1A3956D46DE8}") = "ChapterFour", "ChapterFour", "{04EBF803-D7F5-40EB-9575-0C6FD3068549}"
EndProject
Project("{FAE04EC0-301F-11D3-BF4B-00C04F79EFBC}") = "4dot1", "ChapterFour\4dot1\4dot1.csproj", "{A3E91D46-7C7A-4F9C-9795-84A46A4E6B06}"
EndProject
Project("{FAE04EC0-301F-11D3-BF4B-00C04F79EFBC}") = "4dot2", "ChapterFour\4dot2\4dot2.csproj", "{0E6370C4-BDA0-4503-8C16-596D84A32155}"
EndProject
Project("{FAE04EC0-301F-11D3-BF4B-00C04F79EFBC}") = "4dot3", "ChapterFour\4dot3\4dot3.csproj", "{F5689B00-DA00-455F-814F-352C11459407}"
EndProject
Project("{FAE04EC0-301F-11D3-BF4B-00C04F79EFBC}") = "4dot5", "ChapterFour\4dot5\4dot5.csproj", "{4D2D49DC-7FED-420D-884F-9621C2900BCD}"
EndProject
Project("{FAE04EC0-301F-11D3-BF4B-00C04F79EFBC}") = "4dot6", "ChapterFour\4dot6\4dot6.csproj", "{A7EBBB26-3649-4FB8-9783-95ED69231110}"
EndProject
Project("{FAE04EC0-301F-11D3-BF4B-00C04F79EFBC}") = "4dot7", "ChapterFour\4dot7\4dot7.csproj", "{F64678C3-222E-40EC-82B6-63A52406CE95}"
EndProject
Project("{FAE04EC0-301F-11D3-BF4B-00C04F79EFBC}") = "4dot8", "ChapterFour\4dot8\4dot8.csproj", "{096A43D2-8AAB-4C7C-A8F4-5FD8463D9033}"
EndProject
Project("{FAE04EC0-301F-11D3-BF4B-00C04F79EFBC}") = "4dot9", "ChapterFour\4dot9\4dot9.csproj", "{C2DA138C-1F75-485B-9442-1159B83B5EE9}"
EndProject
Project("{FAE04EC0-301F-11D3-BF4B-00C04F79EFBC}") = "4dot10", "ChapterFour\4dot10\4dot10.csproj", "{BC8D5493-EC11-4947-BD02-BEABE5CA3A5D}"
EndProject
Project("{FAE04EC0-301F-11D3-BF4B-00C04F79EFBC}") = "4dot11", "ChapterFour\4dot11\4dot11.csproj", "{470CE848-688D-4453-814A-C7AE05B8D430}"
EndProject
Project("{FAE04EC0-301F-11D3-BF4B-00C04F79EFBC}") = "4dot12", "ChapterFour\4dot12\4dot12.csproj", "{1C40C63E-CFAA-4352-97EF-F916B09A5DED}"
EndProject
Project("{FAE04EC0-301F-11D3-BF4B-00C04F79EFBC}") = "TreesAndGraphs", "ChapterFour\BreadthFirstSearch\TreesAndGraphs.csproj", "{47399F00-D78A-4A81-9B59-C1D5001C7D86}"
EndProject
Project("{FAE04EC0-301F-11D3-BF4B-00C04F79EFBC}") = "4dot4", "ChapterFour\4dot4\4dot4.csproj", "{119F4EB3-6379-4195-9223-350B6A905B87}"
EndProject
Global
	GlobalSection(SolutionConfigurationPlatforms) = preSolution
		Debug|Any CPU = Debug|Any CPU
		Release|Any CPU = Release|Any CPU
	EndGlobalSection
	GlobalSection(ProjectConfigurationPlatforms) = postSolution
		{63F55840-0098-4636-AB8E-D6D67076F0BE}.Debug|Any CPU.ActiveCfg = Debug|Any CPU
		{63F55840-0098-4636-AB8E-D6D67076F0BE}.Debug|Any CPU.Build.0 = Debug|Any CPU
		{63F55840-0098-4636-AB8E-D6D67076F0BE}.Release|Any CPU.ActiveCfg = Release|Any CPU
		{63F55840-0098-4636-AB8E-D6D67076F0BE}.Release|Any CPU.Build.0 = Release|Any CPU
		{DDCCB628-3452-4928-9D3A-4755EAF70B53}.Debug|Any CPU.ActiveCfg = Debug|Any CPU
		{DDCCB628-3452-4928-9D3A-4755EAF70B53}.Debug|Any CPU.Build.0 = Debug|Any CPU
		{DDCCB628-3452-4928-9D3A-4755EAF70B53}.Release|Any CPU.ActiveCfg = Release|Any CPU
		{DDCCB628-3452-4928-9D3A-4755EAF70B53}.Release|Any CPU.Build.0 = Release|Any CPU
		{BCF5ECC9-8704-4F28-960F-B455976512E6}.Debug|Any CPU.ActiveCfg = Debug|Any CPU
		{BCF5ECC9-8704-4F28-960F-B455976512E6}.Debug|Any CPU.Build.0 = Debug|Any CPU
		{BCF5ECC9-8704-4F28-960F-B455976512E6}.Release|Any CPU.ActiveCfg = Release|Any CPU
		{BCF5ECC9-8704-4F28-960F-B455976512E6}.Release|Any CPU.Build.0 = Release|Any CPU
		{A3E91D46-7C7A-4F9C-9795-84A46A4E6B06}.Debug|Any CPU.ActiveCfg = Debug|Any CPU
		{A3E91D46-7C7A-4F9C-9795-84A46A4E6B06}.Debug|Any CPU.Build.0 = Debug|Any CPU
		{A3E91D46-7C7A-4F9C-9795-84A46A4E6B06}.Release|Any CPU.ActiveCfg = Release|Any CPU
		{A3E91D46-7C7A-4F9C-9795-84A46A4E6B06}.Release|Any CPU.Build.0 = Release|Any CPU
		{0E6370C4-BDA0-4503-8C16-596D84A32155}.Debug|Any CPU.ActiveCfg = Debug|Any CPU
		{0E6370C4-BDA0-4503-8C16-596D84A32155}.Debug|Any CPU.Build.0 = Debug|Any CPU
		{0E6370C4-BDA0-4503-8C16-596D84A32155}.Release|Any CPU.ActiveCfg = Release|Any CPU
		{0E6370C4-BDA0-4503-8C16-596D84A32155}.Release|Any CPU.Build.0 = Release|Any CPU
		{F5689B00-DA00-455F-814F-352C11459407}.Debug|Any CPU.ActiveCfg = Debug|Any CPU
		{F5689B00-DA00-455F-814F-352C11459407}.Debug|Any CPU.Build.0 = Debug|Any CPU
		{F5689B00-DA00-455F-814F-352C11459407}.Release|Any CPU.ActiveCfg = Release|Any CPU
		{F5689B00-DA00-455F-814F-352C11459407}.Release|Any CPU.Build.0 = Release|Any CPU
		{4D2D49DC-7FED-420D-884F-9621C2900BCD}.Debug|Any CPU.ActiveCfg = Debug|Any CPU
		{4D2D49DC-7FED-420D-884F-9621C2900BCD}.Debug|Any CPU.Build.0 = Debug|Any CPU
		{4D2D49DC-7FED-420D-884F-9621C2900BCD}.Release|Any CPU.ActiveCfg = Release|Any CPU
		{4D2D49DC-7FED-420D-884F-9621C2900BCD}.Release|Any CPU.Build.0 = Release|Any CPU
		{A7EBBB26-3649-4FB8-9783-95ED69231110}.Debug|Any CPU.ActiveCfg = Debug|Any CPU
		{A7EBBB26-3649-4FB8-9783-95ED69231110}.Debug|Any CPU.Build.0 = Debug|Any CPU
		{A7EBBB26-3649-4FB8-9783-95ED69231110}.Release|Any CPU.ActiveCfg = Release|Any CPU
		{A7EBBB26-3649-4FB8-9783-95ED69231110}.Release|Any CPU.Build.0 = Release|Any CPU
		{F64678C3-222E-40EC-82B6-63A52406CE95}.Debug|Any CPU.ActiveCfg = Debug|Any CPU
		{F64678C3-222E-40EC-82B6-63A52406CE95}.Debug|Any CPU.Build.0 = Debug|Any CPU
		{F64678C3-222E-40EC-82B6-63A52406CE95}.Release|Any CPU.ActiveCfg = Release|Any CPU
		{F64678C3-222E-40EC-82B6-63A52406CE95}.Release|Any CPU.Build.0 = Release|Any CPU
		{096A43D2-8AAB-4C7C-A8F4-5FD8463D9033}.Debug|Any CPU.ActiveCfg = Debug|Any CPU
		{096A43D2-8AAB-4C7C-A8F4-5FD8463D9033}.Debug|Any CPU.Build.0 = Debug|Any CPU
		{096A43D2-8AAB-4C7C-A8F4-5FD8463D9033}.Release|Any CPU.ActiveCfg = Release|Any CPU
		{096A43D2-8AAB-4C7C-A8F4-5FD8463D9033}.Release|Any CPU.Build.0 = Release|Any CPU
		{C2DA138C-1F75-485B-9442-1159B83B5EE9}.Debug|Any CPU.ActiveCfg = Debug|Any CPU
		{C2DA138C-1F75-485B-9442-1159B83B5EE9}.Debug|Any CPU.Build.0 = Debug|Any CPU
		{C2DA138C-1F75-485B-9442-1159B83B5EE9}.Release|Any CPU.ActiveCfg = Release|Any CPU
		{C2DA138C-1F75-485B-9442-1159B83B5EE9}.Release|Any CPU.Build.0 = Release|Any CPU
		{BC8D5493-EC11-4947-BD02-BEABE5CA3A5D}.Debug|Any CPU.ActiveCfg = Debug|Any CPU
		{BC8D5493-EC11-4947-BD02-BEABE5CA3A5D}.Debug|Any CPU.Build.0 = Debug|Any CPU
		{BC8D5493-EC11-4947-BD02-BEABE5CA3A5D}.Release|Any CPU.ActiveCfg = Release|Any CPU
		{BC8D5493-EC11-4947-BD02-BEABE5CA3A5D}.Release|Any CPU.Build.0 = Release|Any CPU
		{470CE848-688D-4453-814A-C7AE05B8D430}.Debug|Any CPU.ActiveCfg = Debug|Any CPU
		{470CE848-688D-4453-814A-C7AE05B8D430}.Debug|Any CPU.Build.0 = Debug|Any CPU
		{470CE848-688D-4453-814A-C7AE05B8D430}.Release|Any CPU.ActiveCfg = Release|Any CPU
		{470CE848-688D-4453-814A-C7AE05B8D430}.Release|Any CPU.Build.0 = Release|Any CPU
		{1C40C63E-CFAA-4352-97EF-F916B09A5DED}.Debug|Any CPU.ActiveCfg = Debug|Any CPU
		{1C40C63E-CFAA-4352-97EF-F916B09A5DED}.Debug|Any CPU.Build.0 = Debug|Any CPU
		{1C40C63E-CFAA-4352-97EF-F916B09A5DED}.Release|Any CPU.ActiveCfg = Release|Any CPU
		{1C40C63E-CFAA-4352-97EF-F916B09A5DED}.Release|Any CPU.Build.0 = Release|Any CPU
		{47399F00-D78A-4A81-9B59-C1D5001C7D86}.Debug|Any CPU.ActiveCfg = Debug|Any CPU
		{47399F00-D78A-4A81-9B59-C1D5001C7D86}.Debug|Any CPU.Build.0 = Debug|Any CPU
		{47399F00-D78A-4A81-9B59-C1D5001C7D86}.Release|Any CPU.ActiveCfg = Release|Any CPU
		{47399F00-D78A-4A81-9B59-C1D5001C7D86}.Release|Any CPU.Build.0 = Release|Any CPU
		{119F4EB3-6379-4195-9223-350B6A905B87}.Debug|Any CPU.ActiveCfg = Debug|Any CPU
		{119F4EB3-6379-4195-9223-350B6A905B87}.Debug|Any CPU.Build.0 = Debug|Any CPU
		{119F4EB3-6379-4195-9223-350B6A905B87}.Release|Any CPU.ActiveCfg = Release|Any CPU
		{119F4EB3-6379-4195-9223-350B6A905B87}.Release|Any CPU.Build.0 = Release|Any CPU
	EndGlobalSection
	GlobalSection(SolutionProperties) = preSolution
		HideSolutionNode = FALSE
	EndGlobalSection
	GlobalSection(NestedProjects) = preSolution
		{A3E91D46-7C7A-4F9C-9795-84A46A4E6B06} = {04EBF803-D7F5-40EB-9575-0C6FD3068549}
		{0E6370C4-BDA0-4503-8C16-596D84A32155} = {04EBF803-D7F5-40EB-9575-0C6FD3068549}
		{F5689B00-DA00-455F-814F-352C11459407} = {04EBF803-D7F5-40EB-9575-0C6FD3068549}
		{4D2D49DC-7FED-420D-884F-9621C2900BCD} = {04EBF803-D7F5-40EB-9575-0C6FD3068549}
		{A7EBBB26-3649-4FB8-9783-95ED69231110} = {04EBF803-D7F5-40EB-9575-0C6FD3068549}
		{F64678C3-222E-40EC-82B6-63A52406CE95} = {04EBF803-D7F5-40EB-9575-0C6FD3068549}
		{096A43D2-8AAB-4C7C-A8F4-5FD8463D9033} = {04EBF803-D7F5-40EB-9575-0C6FD3068549}
		{C2DA138C-1F75-485B-9442-1159B83B5EE9} = {04EBF803-D7F5-40EB-9575-0C6FD3068549}
		{BC8D5493-EC11-4947-BD02-BEABE5CA3A5D} = {04EBF803-D7F5-40EB-9575-0C6FD3068549}
		{470CE848-688D-4453-814A-C7AE05B8D430} = {04EBF803-D7F5-40EB-9575-0C6FD3068549}
		{1C40C63E-CFAA-4352-97EF-F916B09A5DED} = {04EBF803-D7F5-40EB-9575-0C6FD3068549}
		{47399F00-D78A-4A81-9B59-C1D5001C7D86} = {04EBF803-D7F5-40EB-9575-0C6FD3068549}
		{119F4EB3-6379-4195-9223-350B6A905B87} = {04EBF803-D7F5-40EB-9575-0C6FD3068549}
	EndGlobalSection
	GlobalSection(ExtensibilityGlobals) = postSolution
		SolutionGuid = {B104F68A-DCCE-44CB-8A5F-4D178C312D48}
	EndGlobalSection
EndGlobal
